// !$*UTF8*$!
{
	archiveVersion = 1;
	classes = {
	};
	objectVersion = 46;
	objects = {

/* Begin PBXBuildFile section */
		CFC6A390181609800084FC24 /* Page2ViewController.m in Sources */ = {isa = PBXBuildFile; fileRef = CFC6A38F181609800084FC24 /* Page2ViewController.m */; };
		CFEDED0D1810D9E400DEFA99 /* Foundation.framework in Frameworks */ = {isa = PBXBuildFile; fileRef = CFEDED0C1810D9E400DEFA99 /* Foundation.framework */; };
		CFEDED0F1810D9E400DEFA99 /* CoreGraphics.framework in Frameworks */ = {isa = PBXBuildFile; fileRef = CFEDED0E1810D9E400DEFA99 /* CoreGraphics.framework */; };
		CFEDED111810D9E400DEFA99 /* UIKit.framework in Frameworks */ = {isa = PBXBuildFile; fileRef = CFEDED101810D9E400DEFA99 /* UIKit.framework */; };
		CFEDED171810D9E500DEFA99 /* InfoPlist.strings in Resources */ = {isa = PBXBuildFile; fileRef = CFEDED151810D9E500DEFA99 /* InfoPlist.strings */; };
		CFEDED191810D9E500DEFA99 /* main.m in Sources */ = {isa = PBXBuildFile; fileRef = CFEDED181810D9E500DEFA99 /* main.m */; };
		CFEDED1D1810D9E500DEFA99 /* CSGAppDelegate.m in Sources */ = {isa = PBXBuildFile; fileRef = CFEDED1C1810D9E500DEFA99 /* CSGAppDelegate.m */; };
		CFEDED201810D9E500DEFA99 /* Main.storyboard in Resources */ = {isa = PBXBuildFile; fileRef = CFEDED1E1810D9E500DEFA99 /* Main.storyboard */; };
		CFEDED231810D9E500DEFA99 /* CSGViewController.m in Sources */ = {isa = PBXBuildFile; fileRef = CFEDED221810D9E500DEFA99 /* CSGViewController.m */; };
		CFEDED251810D9E500DEFA99 /* Images.xcassets in Resources */ = {isa = PBXBuildFile; fileRef = CFEDED241810D9E500DEFA99 /* Images.xcassets */; };
		CFEDED2C1810D9E500DEFA99 /* XCTest.framework in Frameworks */ = {isa = PBXBuildFile; fileRef = CFEDED2B1810D9E500DEFA99 /* XCTest.framework */; };
		CFEDED2D1810D9E500DEFA99 /* Foundation.framework in Frameworks */ = {isa = PBXBuildFile; fileRef = CFEDED0C1810D9E400DEFA99 /* Foundation.framework */; };
		CFEDED2E1810D9E500DEFA99 /* UIKit.framework in Frameworks */ = {isa = PBXBuildFile; fileRef = CFEDED101810D9E400DEFA99 /* UIKit.framework */; };
		CFEDED361810D9E500DEFA99 /* InfoPlist.strings in Resources */ = {isa = PBXBuildFile; fileRef = CFEDED341810D9E500DEFA99 /* InfoPlist.strings */; };
		CFEDED381810D9E500DEFA99 /* FirstAppTests.m in Sources */ = {isa = PBXBuildFile; fileRef = CFEDED371810D9E500DEFA99 /* FirstAppTests.m */; };
/* End PBXBuildFile section */

/* Begin PBXContainerItemProxy section */
		CFEDED2F1810D9E500DEFA99 /* PBXContainerItemProxy */ = {
			isa = PBXContainerItemProxy;
			containerPortal = CFEDED011810D9E400DEFA99 /* Project object */;
			proxyType = 1;
			remoteGlobalIDString = CFEDED081810D9E400DEFA99;
			remoteInfo = FirstApp;
		};
/* End PBXContainerItemProxy section */

/* Begin PBXFileReference section */
		CFC6A38E181609800084FC24 /* Page2ViewController.h */ = {isa = PBXFileReference; fileEncoding = 4; lastKnownFileType = sourcecode.c.h; path = Page2ViewController.h; sourceTree = "<group>"; };
		CFC6A38F181609800084FC24 /* Page2ViewController.m */ = {isa = PBXFileReference; fileEncoding = 4; lastKnownFileType = sourcecode.c.objc; path = Page2ViewController.m; sourceTree = "<group>"; };
		CFEDED091810D9E400DEFA99 /* FirstApp.app */ = {isa = PBXFileReference; explicitFileType = wrapper.application; includeInIndex = 0; path = FirstApp.app; sourceTree = BUILT_PRODUCTS_DIR; };
		CFEDED0C1810D9E400DEFA99 /* Foundation.framework */ = {isa = PBXFileReference; lastKnownFileType = wrapper.framework; name = Foundation.framework; path = System/Library/Frameworks/Foundation.framework; sourceTree = SDKROOT; };
		CFEDED0E1810D9E400DEFA99 /* CoreGraphics.framework */ = {isa = PBXFileReference; lastKnownFileType = wrapper.framework; name = CoreGraphics.framework; path = System/Library/Frameworks/CoreGraphics.framework; sourceTree = SDKROOT; };
		CFEDED101810D9E400DEFA99 /* UIKit.framework */ = {isa = PBXFileReference; lastKnownFileType = wrapper.framework; name = UIKit.framework; path = System/Library/Frameworks/UIKit.framework; sourceTree = SDKROOT; };
		CFEDED141810D9E500DEFA99 /* FirstApp-Info.plist */ = {isa = PBXFileReference; lastKnownFileType = text.plist.xml; path = "FirstApp-Info.plist"; sourceTree = "<group>"; };
		CFEDED161810D9E500DEFA99 /* en */ = {isa = PBXFileReference; lastKnownFileType = text.plist.strings; name = en; path = en.lproj/InfoPlist.strings; sourceTree = "<group>"; };
		CFEDED181810D9E500DEFA99 /* main.m */ = {isa = PBXFileReference; lastKnownFileType = sourcecode.c.objc; path = main.m; sourceTree = "<group>"; };
		CFEDED1A1810D9E500DEFA99 /* FirstApp-Prefix.pch */ = {isa = PBXFileReference; lastKnownFileType = sourcecode.c.h; path = "FirstApp-Prefix.pch"; sourceTree = "<group>"; };
		CFEDED1B1810D9E500DEFA99 /* CSGAppDelegate.h */ = {isa = PBXFileReference; lastKnownFileType = sourcecode.c.h; path = CSGAppDelegate.h; sourceTree = "<group>"; };
		CFEDED1C1810D9E500DEFA99 /* CSGAppDelegate.m */ = {isa = PBXFileReference; lastKnownFileType = sourcecode.c.objc; path = CSGAppDelegate.m; sourceTree = "<group>"; };
		CFEDED1F1810D9E500DEFA99 /* Base */ = {isa = PBXFileReference; lastKnownFileType = file.storyboard; name = Base; path = Base.lproj/Main.storyboard; sourceTree = "<group>"; };
		CFEDED211810D9E500DEFA99 /* CSGViewController.h */ = {isa = PBXFileReference; lastKnownFileType = sourcecode.c.h; path = CSGViewController.h; sourceTree = "<group>"; };
		CFEDED221810D9E500DEFA99 /* CSGViewController.m */ = {isa = PBXFileReference; lastKnownFileType = sourcecode.c.objc; path = CSGViewController.m; sourceTree = "<group>"; };
		CFEDED241810D9E500DEFA99 /* Images.xcassets */ = {isa = PBXFileReference; lastKnownFileType = folder.assetcatalog; path = Images.xcassets; sourceTree = "<group>"; };
		CFEDED2A1810D9E500DEFA99 /* FirstAppTests.xctest */ = {isa = PBXFileReference; explicitFileType = wrapper.cfbundle; includeInIndex = 0; path = FirstAppTests.xctest; sourceTree = BUILT_PRODUCTS_DIR; };
		CFEDED2B1810D9E500DEFA99 /* XCTest.framework */ = {isa = PBXFileReference; lastKnownFileType = wrapper.framework; name = XCTest.framework; path = Library/Frameworks/XCTest.framework; sourceTree = DEVELOPER_DIR; };
		CFEDED331810D9E500DEFA99 /* FirstAppTests-Info.plist */ = {isa = PBXFileReference; lastKnownFileType = text.plist.xml; path = "FirstAppTests-Info.plist"; sourceTree = "<group>"; };
		CFEDED351810D9E500DEFA99 /* en */ = {isa = PBXFileReference; lastKnownFileType = text.plist.strings; name = en; path = en.lproj/InfoPlist.strings; sourceTree = "<group>"; };
		CFEDED371810D9E500DEFA99 /* FirstAppTests.m */ = {isa = PBXFileReference; lastKnownFileType = sourcecode.c.objc; path = FirstAppTests.m; sourceTree = "<group>"; };
/* End PBXFileReference section */

/* Begin PBXFrameworksBuildPhase section */
		CFEDED061810D9E400DEFA99 /* Frameworks */ = {
			isa = PBXFrameworksBuildPhase;
			buildActionMask = 2147483647;
			files = (
				CFEDED0F1810D9E400DEFA99 /* CoreGraphics.framework in Frameworks */,
				CFEDED111810D9E400DEFA99 /* UIKit.framework in Frameworks */,
				CFEDED0D1810D9E400DEFA99 /* Foundation.framework in Frameworks */,
			);
			runOnlyForDeploymentPostprocessing = 0;
		};
		CFEDED271810D9E500DEFA99 /* Frameworks */ = {
			isa = PBXFrameworksBuildPhase;
			buildActionMask = 2147483647;
			files = (
				CFEDED2C1810D9E500DEFA99 /* XCTest.framework in Frameworks */,
				CFEDED2E1810D9E500DEFA99 /* UIKit.framework in Frameworks */,
				CFEDED2D1810D9E500DEFA99 /* Foundation.framework in Frameworks */,
			);
			runOnlyForDeploymentPostprocessing = 0;
		};
/* End PBXFrameworksBuildPhase section */

/* Begin PBXGroup section */
		CFEDED001810D9E400DEFA99 = {
			isa = PBXGroup;
			children = (
				CFEDED121810D9E500DEFA99 /* FirstApp */,
				CFEDED311810D9E500DEFA99 /* FirstAppTests */,
				CFEDED0B1810D9E400DEFA99 /* Frameworks */,
				CFEDED0A1810D9E400DEFA99 /* Products */,
			);
			sourceTree = "<group>";
		};
		CFEDED0A1810D9E400DEFA99 /* Products */ = {
			isa = PBXGroup;
			children = (
				CFEDED091810D9E400DEFA99 /* FirstApp.app */,
				CFEDED2A1810D9E500DEFA99 /* FirstAppTests.xctest */,
			);
			name = Products;
			sourceTree = "<group>";
		};
		CFEDED0B1810D9E400DEFA99 /* Frameworks */ = {
			isa = PBXGroup;
			children = (
				CFEDED0C1810D9E400DEFA99 /* Foundation.framework */,
				CFEDED0E1810D9E400DEFA99 /* CoreGraphics.framework */,
				CFEDED101810D9E400DEFA99 /* UIKit.framework */,
				CFEDED2B1810D9E500DEFA99 /* XCTest.framework */,
			);
			name = Frameworks;
			sourceTree = "<group>";
		};
		CFEDED121810D9E500DEFA99 /* FirstApp */ = {
			isa = PBXGroup;
			children = (
				CFEDED1B1810D9E500DEFA99 /* CSGAppDelegate.h */,
				CFEDED1C1810D9E500DEFA99 /* CSGAppDelegate.m */,
				CFC6A38E181609800084FC24 /* Page2ViewController.h */,
				CFC6A38F181609800084FC24 /* Page2ViewController.m */,
				CFEDED1E1810D9E500DEFA99 /* Main.storyboard */,
				CFEDED211810D9E500DEFA99 /* CSGViewController.h */,
				CFEDED221810D9E500DEFA99 /* CSGViewController.m */,
				CFEDED241810D9E500DEFA99 /* Images.xcassets */,
				CFEDED131810D9E500DEFA99 /* Supporting Files */,
			);
			path = FirstApp;
			sourceTree = "<group>";
		};
		CFEDED131810D9E500DEFA99 /* Supporting Files */ = {
			isa = PBXGroup;
			children = (
				CFEDED141810D9E500DEFA99 /* FirstApp-Info.plist */,
				CFEDED151810D9E500DEFA99 /* InfoPlist.strings */,
				CFEDED181810D9E500DEFA99 /* main.m */,
				CFEDED1A1810D9E500DEFA99 /* FirstApp-Prefix.pch */,
			);
			name = "Supporting Files";
			sourceTree = "<group>";
		};
		CFEDED311810D9E500DEFA99 /* FirstAppTests */ = {
			isa = PBXGroup;
			children = (
				CFEDED371810D9E500DEFA99 /* FirstAppTests.m */,
				CFEDED321810D9E500DEFA99 /* Supporting Files */,
			);
			path = FirstAppTests;
			sourceTree = "<group>";
		};
		CFEDED321810D9E500DEFA99 /* Supporting Files */ = {
			isa = PBXGroup;
			children = (
				CFEDED331810D9E500DEFA99 /* FirstAppTests-Info.plist */,
				CFEDED341810D9E500DEFA99 /* InfoPlist.strings */,
			);
			name = "Supporting Files";
			sourceTree = "<group>";
		};
/* End PBXGroup section */

/* Begin PBXNativeTarget section */
		CFEDED081810D9E400DEFA99 /* FirstApp */ = {
			isa = PBXNativeTarget;
			buildConfigurationList = CFEDED3B1810D9E500DEFA99 /* Build configuration list for PBXNativeTarget "FirstApp" */;
			buildPhases = (
				CFEDED051810D9E400DEFA99 /* Sources */,
				CFEDED061810D9E400DEFA99 /* Frameworks */,
				CFEDED071810D9E400DEFA99 /* Resources */,
			);
			buildRules = (
			);
			dependencies = (
			);
			name = FirstApp;
			productName = FirstApp;
			productReference = CFEDED091810D9E400DEFA99 /* FirstApp.app */;
			productType = "com.apple.product-type.application";
		};
		CFEDED291810D9E500DEFA99 /* FirstAppTests */ = {
			isa = PBXNativeTarget;
			buildConfigurationList = CFEDED3E1810D9E500DEFA99 /* Build configuration list for PBXNativeTarget "FirstAppTests" */;
			buildPhases = (
				CFEDED261810D9E500DEFA99 /* Sources */,
				CFEDED271810D9E500DEFA99 /* Frameworks */,
				CFEDED281810D9E500DEFA99 /* Resources */,
			);
			buildRules = (
			);
			dependencies = (
				CFEDED301810D9E500DEFA99 /* PBXTargetDependency */,
			);
			name = FirstAppTests;
			productName = FirstAppTests;
			productReference = CFEDED2A1810D9E500DEFA99 /* FirstAppTests.xctest */;
			productType = "com.apple.product-type.bundle.unit-test";
		};
/* End PBXNativeTarget section */

/* Begin PBXProject section */
		CFEDED011810D9E400DEFA99 /* Project object */ = {
			isa = PBXProject;
			attributes = {
				CLASSPREFIX = CSG;
				LastUpgradeCheck = 0500;
				ORGANIZATIONNAME = Greenster;
				TargetAttributes = {
					CFEDED291810D9E500DEFA99 = {
						TestTargetID = CFEDED081810D9E400DEFA99;
					};
				};
			};
			buildConfigurationList = CFEDED041810D9E400DEFA99 /* Build configuration list for PBXProject "FirstApp" */;
			compatibilityVersion = "Xcode 3.2";
			developmentRegion = English;
			hasScannedForEncodings = 0;
			knownRegions = (
				en,
				Base,
			);
			mainGroup = CFEDED001810D9E400DEFA99;
			productRefGroup = CFEDED0A1810D9E400DEFA99 /* Products */;
			projectDirPath = "";
			projectRoot = "";
			targets = (
				CFEDED081810D9E400DEFA99 /* FirstApp */,
				CFEDED291810D9E500DEFA99 /* FirstAppTests */,
			);
		};
/* End PBXProject section */

/* Begin PBXResourcesBuildPhase section */
		CFEDED071810D9E400DEFA99 /* Resources */ = {
			isa = PBXResourcesBuildPhase;
			buildActionMask = 2147483647;
			files = (
				CFEDED251810D9E500DEFA99 /* Images.xcassets in Resources */,
				CFEDED171810D9E500DEFA99 /* InfoPlist.strings in Resources */,
				CFEDED201810D9E500DEFA99 /* Main.storyboard in Resources */,
			);
			runOnlyForDeploymentPostprocessing = 0;
		};
		CFEDED281810D9E500DEFA99 /* Resources */ = {
			isa = PBXResourcesBuildPhase;
			buildActionMask = 2147483647;
			files = (
				CFEDED361810D9E500DEFA99 /* InfoPlist.strings in Resources */,
			);
			runOnlyForDeploymentPostprocessing = 0;
		};
/* End PBXResourcesBuildPhase section */

/* Begin PBXSourcesBuildPhase section */
		CFEDED051810D9E400DEFA99 /* Sources */ = {
			isa = PBXSourcesBuildPhase;
			buildActionMask = 2147483647;
			files = (
				CFEDED1D1810D9E500DEFA99 /* CSGAppDelegate.m in Sources */,
				CFEDED231810D9E500DEFA99 /* CSGViewController.m in Sources */,
				CFC6A390181609800084FC24 /* Page2ViewController.m in Sources */,
				CFEDED191810D9E500DEFA99 /* main.m in Sources */,
			);
			runOnlyForDeploymentPostprocessing = 0;
		};
		CFEDED261810D9E500DEFA99 /* Sources */ = {
			isa = PBXSourcesBuildPhase;
			buildActionMask = 2147483647;
			files = (
				CFEDED381810D9E500DEFA99 /* FirstAppTests.m in Sources */,
			);
			runOnlyForDeploymentPostprocessing = 0;
		};
/* End PBXSourcesBuildPhase section */

/* Begin PBXTargetDependency section */
		CFEDED301810D9E500DEFA99 /* PBXTargetDependency */ = {
			isa = PBXTargetDependency;
			target = CFEDED081810D9E400DEFA99 /* FirstApp */;
			targetProxy = CFEDED2F1810D9E500DEFA99 /* PBXContainerItemProxy */;
		};
/* End PBXTargetDependency section */

/* Begin PBXVariantGroup section */
		CFEDED151810D9E500DEFA99 /* InfoPlist.strings */ = {
			isa = PBXVariantGroup;
			children = (
				CFEDED161810D9E500DEFA99 /* en */,
			);
			name = InfoPlist.strings;
			sourceTree = "<group>";
		};
		CFEDED1E1810D9E500DEFA99 /* Main.storyboard */ = {
			isa = PBXVariantGroup;
			children = (
				CFEDED1F1810D9E500DEFA99 /* Base */,
			);
			name = Main.storyboard;
			sourceTree = "<group>";
		};
		CFEDED341810D9E500DEFA99 /* InfoPlist.strings */ = {
			isa = PBXVariantGroup;
			children = (
				CFEDED351810D9E500DEFA99 /* en */,
			);
			name = InfoPlist.strings;
			sourceTree = "<group>";
		};
/* End PBXVariantGroup section */

/* Begin XCBuildConfiguration section */
		CFEDED391810D9E500DEFA99 /* Debug */ = {
			isa = XCBuildConfiguration;
			buildSettings = {
				ALWAYS_SEARCH_USER_PATHS = NO;
				ARCHS = "$(ARCHS_STANDARD_INCLUDING_64_BIT)";
				CLANG_CXX_LANGUAGE_STANDARD = "gnu++0x";
				CLANG_CXX_LIBRARY = "libc++";
				CLANG_ENABLE_MODULES = YES;
				CLANG_ENABLE_OBJC_ARC = YES;
				CLANG_WARN_BOOL_CONVERSION = YES;
				CLANG_WARN_CONSTANT_CONVERSION = YES;
				CLANG_WARN_DIRECT_OBJC_ISA_USAGE = YES_ERROR;
				CLANG_WARN_EMPTY_BODY = YES;
				CLANG_WARN_ENUM_CONVERSION = YES;
				CLANG_WARN_INT_CONVERSION = YES;
				CLANG_WARN_OBJC_ROOT_CLASS = YES_ERROR;
				CLANG_WARN__DUPLICATE_METHOD_MATCH = YES;
				"CODE_SIGN_IDENTITY[sdk=iphoneos*]" = "iPhone Developer";
				COPY_PHASE_STRIP = NO;
				GCC_C_LANGUAGE_STANDARD = gnu99;
				GCC_DYNAMIC_NO_PIC = NO;
				GCC_OPTIMIZATION_LEVEL = 0;
				GCC_PREPROCESSOR_DEFINITIONS = (
					"DEBUG=1",
					"$(inherited)",
				);
				GCC_SYMBOLS_PRIVATE_EXTERN = NO;
				GCC_WARN_64_TO_32_BIT_CONVERSION = YES;
				GCC_WARN_ABOUT_RETURN_TYPE = YES_ERROR;
				GCC_WARN_UNDECLARED_SELECTOR = YES;
				GCC_WARN_UNINITIALIZED_AUTOS = YES;
				GCC_WARN_UNUSED_FUNCTION = YES;
				GCC_WARN_UNUSED_VARIABLE = YES;
				IPHONEOS_DEPLOYMENT_TARGET = 7.0;
				ONLY_ACTIVE_ARCH = YES;
				SDKROOT = iphoneos;
			};
			name = Debug;
		};
		CFEDED3A1810D9E500DEFA99 /* Release */ = {
			isa = XCBuildConfiguration;
			buildSettings = {
				ALWAYS_SEARCH_USER_PATHS = NO;
				ARCHS = "$(ARCHS_STANDARD_INCLUDING_64_BIT)";
				CLANG_CXX_LANGUAGE_STANDARD = "gnu++0x";
				CLANG_CXX_LIBRARY = "libc++";
				CLANG_ENABLE_MODULES = YES;
				CLANG_ENABLE_OBJC_ARC = YES;
				CLANG_WARN_BOOL_CONVERSION = YES;
				CLANG_WARN_CONSTANT_CONVERSION = YES;
				CLANG_WARN_DIRECT_OBJC_ISA_USAGE = YES_ERROR;
				CLANG_WARN_EMPTY_BODY = YES;
				CLANG_WARN_ENUM_CONVERSION = YES;
				CLANG_WARN_INT_CONVERSION = YES;
				CLANG_WARN_OBJC_ROOT_CLASS = YES_ERROR;
				CLANG_WARN__DUPLICATE_METHOD_MATCH = YES;
				"CODE_SIGN_IDENTITY[sdk=iphoneos*]" = "iPhone Developer";
				COPY_PHASE_STRIP = YES;
				ENABLE_NS_ASSERTIONS = NO;
				GCC_C_LANGUAGE_STANDARD = gnu99;
				GCC_WARN_64_TO_32_BIT_CONVERSION = YES;
				GCC_WARN_ABOUT_RETURN_TYPE = YES_ERROR;
				GCC_WARN_UNDECLARED_SELECTOR = YES;
				GCC_WARN_UNINITIALIZED_AUTOS = YES;
				GCC_WARN_UNUSED_FUNCTION = YES;
				GCC_WARN_UNUSED_VARIABLE = YES;
				IPHONEOS_DEPLOYMENT_TARGET = 7.0;
				SDKROOT = iphoneos;
				VALIDATE_PRODUCT = YES;
			};
			name = Release;
		};
		CFEDED3C1810D9E500DEFA99 /* Debug */ = {
			isa = XCBuildConfiguration;
			buildSettings = {
				ASSETCATALOG_COMPILER_APPICON_NAME = AppIcon;
				ASSETCATALOG_COMPILER_LAUNCHIMAGE_NAME = LaunchImage;
				GCC_PRECOMPILE_PREFIX_HEADER = YES;
				GCC_PREFIX_HEADER = "FirstApp/FirstApp-Prefix.pch";
				INFOPLIST_FILE = "FirstApp/FirstApp-Info.plist";
				PRODUCT_NAME = "$(TARGET_NAME)";
				WRAPPER_EXTENSION = app;
			};
			name = Debug;
		};
		CFEDED3D1810D9E500DEFA99 /* Release */ = {
			isa = XCBuildConfiguration;
			buildSettings = {
				ASSETCATALOG_COMPILER_APPICON_NAME = AppIcon;
				ASSETCATALOG_COMPILER_LAUNCHIMAGE_NAME = LaunchImage;
				GCC_PRECOMPILE_PREFIX_HEADER = YES;
				GCC_PREFIX_HEADER = "FirstApp/FirstApp-Prefix.pch";
				INFOPLIST_FILE = "FirstApp/FirstApp-Info.plist";
				PRODUCT_NAME = "$(TARGET_NAME)";
				WRAPPER_EXTENSION = app;
			};
			name = Release;
		};
		CFEDED3F1810D9E500DEFA99 /* Debug */ = {
			isa = XCBuildConfiguration;
			buildSettings = {
				ARCHS = "$(ARCHS_STANDARD_INCLUDING_64_BIT)";
				BUNDLE_LOADER = "$(BUILT_PRODUCTS_DIR)/FirstApp.app/FirstApp";
				FRAMEWORK_SEARCH_PATHS = (
					"$(SDKROOT)/Developer/Library/Frameworks",
					"$(inherited)",
					"$(DEVELOPER_FRAMEWORKS_DIR)",
				);
				GCC_PRECOMPILE_PREFIX_HEADER = YES;
				GCC_PREFIX_HEADER = "FirstApp/FirstApp-Prefix.pch";
				GCC_PREPROCESSOR_DEFINITIONS = (
					"DEBUG=1",
					"$(inherited)",
				);
				INFOPLIST_FILE = "FirstAppTests/FirstAppTests-Info.plist";
				PRODUCT_NAME = "$(TARGET_NAME)";
				TEST_HOST = "$(BUNDLE_LOADER)";
				WRAPPER_EXTENSION = xctest;
			};
			name = Debug;
		};
		CFEDED401810D9E500DEFA99 /* Release */ = {
			isa = XCBuildConfiguration;
			buildSettings = {
				ARCHS = "$(ARCHS_STANDARD_INCLUDING_64_BIT)";
				BUNDLE_LOADER = "$(BUILT_PRODUCTS_DIR)/FirstApp.app/FirstApp";
				FRAMEWORK_SEARCH_PATHS = (
					"$(SDKROOT)/Developer/Library/Frameworks",
					"$(inherited)",
					"$(DEVELOPER_FRAMEWORKS_DIR)",
				);
				GCC_PRECOMPILE_PREFIX_HEADER = YES;
				GCC_PREFIX_HEADER = "FirstApp/FirstApp-Prefix.pch";
				INFOPLIST_FILE = "FirstAppTests/FirstAppTests-Info.plist";
				PRODUCT_NAME = "$(TARGET_NAME)";
				TEST_HOST = "$(BUNDLE_LOADER)";
				WRAPPER_EXTENSION = xctest;
			};
			name = Release;
		};
/* End XCBuildConfiguration section */

/* Begin XCConfigurationList section */
		CFEDED041810D9E400DEFA99 /* Build configuration list for PBXProject "FirstApp" */ = {
			isa = XCConfigurationList;
			buildConfigurations = (
				CFEDED391810D9E500DEFA99 /* Debug */,
				CFEDED3A1810D9E500DEFA99 /* Release */,
			);
			defaultConfigurationIsVisible = 0;
			defaultConfigurationName = Release;
		};
		CFEDED3B1810D9E500DEFA99 /* Build configuration list for PBXNativeTarget "FirstApp" */ = {
			isa = XCConfigurationList;
			buildConfigurations = (
				CFEDED3C1810D9E500DEFA99 /* Debug */,
				CFEDED3D1810D9E500DEFA99 /* Release */,
			);
			defaultConfigurationIsVisible = 0;
			defaultConfigurationName = Release;
		};
		CFEDED3E1810D9E500DEFA99 /* Build configuration list for PBXNativeTarget "FirstAppTests" */ = {
			isa = XCConfigurationList;
			buildConfigurations = (
				CFEDED3F1810D9E500DEFA99 /* Debug */,
				CFEDED401810D9E500DEFA99 /* Release */,
			);
			defaultConfigurationIsVisible = 0;
			defaultConfigurationName = Release;
		};
/* End XCConfigurationList section */
	};
	rootObject = CFEDED011810D9E400DEFA99 /* Project object */;
}
